
Microsoft Visual Studio Solution File, Format Version 12.00
# Visual Studio Version 17
VisualStudioVersion = 17.14.37111.16
MinimumVisualStudioVersion = 10.0.40219.1
Project("{FAE04EC0-301F-11D3-BF4B-00C04F79EFBC}") = "Hotel", "Hotel\Hotel.csproj", "{E6464C7D-5FE3-4D4E-885F-107DB267A89F}"
EndProject
Global
	GlobalSection(SolutionConfigurationPlatforms) = preSolution
		Debug|Any CPU = Debug|Any CPU
		Release|Any CPU = Release|Any CPU
	EndGlobalSection
	GlobalSection(ProjectConfigurationPlatforms) = postSolution
		{E6464C7D-5FE3-4D4E-885F-107DB267A89F}.Debug|Any CPU.ActiveCfg = Debug|Any CPU
		{E6464C7D-5FE3-4D4E-885F-107DB267A89F}.Debug|Any CPU.Build.0 = Debug|Any CPU
		{E6464C7D-5FE3-4D4E-885F-107DB267A89F}.Release|Any CPU.ActiveCfg = Release|Any CPU
		{E6464C7D-5FE3-4D4E-885F-107DB267A89F}.Release|Any CPU.Build.0 = Release|Any CPU
	EndGlobalSection
	GlobalSection(SolutionProperties) = preSolution
		HideSolutionNode = FALSE
	EndGlobalSection
	GlobalSection(ExtensibilityGlobals) = postSolution
		SolutionGuid = {167230D3-BD7E-47FF-BA1A-E6E1DB7409FC}
	EndGlobalSection
EndGlobal
